PackratFormat: 1.4
PackratVersion: 0.4.8.17
RVersion: 3.3.1
Repos: CRAN=https://mran.microsoft.com/snapshot/2016-10-31

Package: BH
Source: CRAN
Version: 1.60.0-2

Package: DBI
Source: CRAN
Version: 0.5-1

Package: DT
Source: CRAN
Version: 0.2
Requires: magrittr, htmltools, htmlwidgets

Package: FinancialInstrument
Source: CRAN
Version: 1.2.0
Requires: zoo, xts, TTR, quantmod
Hash: 6e31f43cc112ca90b0f31d51cad309ef

Package: MASS
Source: CRAN
Version: 7.3-45

Package: PerformanceAnalytics
Source: CRAN
Version: 1.4.3541
Requires: zoo, xts
Hash: b1d6f7850d31690ae31e8848dbce5a8b

Package: R6
Source: CRAN
Version: 2.2.0
Hash: 712773a3439bd32db5c40938e1a9aac2

Package: RColorBrewer
Source: CRAN
Version: 1.1-2

Package: Rcpp
Source: CRAN
Version: 0.12.7

Package: TTR
Source: CRAN
Version: 0.23-1
Requires: zoo, xts
Hash: 4d137b2fd11667a413d92e31f106e839

Package: assertthat
Source: CRAN
Version: 0.1

Package: base64enc
Source: CRAN
Version: 0.1-3

Package: bitops
Source: CRAN
Version: 1.0-6

Package: blotter
Source: github
Version: 0.9.1644
Requires: zoo, xts, PerformanceAnalytics, quantmod, FinancialInstrument
Hash: e7d9f4f4c4ff72606c975924db29d326
GithubRepo: blotter
GithubUsername: R-Finance
GithubRef: master
GithubSha1: f3dc541c2a133e5bfe6ca8124f14fd135dbe7c4a

Package: caTools
Source: CRAN
Version: 1.17.1
Requires: bitops

Package: chron
Source: CRAN
Version: 2.3-47

Package: codetools
Source: CRAN
Version: 0.2-15
Hash: a4268e48f71dc70ac2203aced7cdd8ea

Package: colorspace
Source: CRAN
Version: 1.2-7

Package: data.table
Source: CRAN
Version: 1.9.6
Requires: chron

Package: dichromat
Source: CRAN
Version: 2.0-0

Package: digest
Source: CRAN
Version: 0.6.10
Hash: 87165608ca8aeb0958835c3c5b52b6b7

Package: doMC
Source: CRAN
Version: 1.3.4
Requires: iterators, foreach

Package: doParallel
Source: CRAN
Version: 1.0.10
Requires: iterators, foreach

Package: dplyr
Source: CRAN
Version: 0.5.0
Requires: BH, DBI, R6, Rcpp, assertthat, lazyeval, magrittr, tibble

Package: evaluate
Source: CRAN
Version: 0.10
Requires: stringr
Hash: c3601a10c987d439e0c63ec635234a76

Package: foreach
Source: CRAN
Version: 1.4.3
Requires: codetools, iterators
Hash: cd53ef4cf29dc59ce3f8c5c1af735fd1

Package: formatR
Source: CRAN
Version: 1.4
Hash: b2a47a2b91737978cf50ba95825a9cd1

Package: ggplot2
Source: CRAN
Version: 2.1.0
Requires: MASS, digest, gtable, plyr, scales, reshape2

Package: gtable
Source: CRAN
Version: 0.2.0

Package: highr
Source: CRAN
Version: 0.6
Hash: aa3d5b7912b5fed4b546ed5cd2a1760b

Package: htmltools
Source: CRAN
Version: 0.3.5
Requires: Rcpp, digest

Package: htmlwidgets
Source: CRAN
Version: 0.7
Requires: jsonlite, yaml, htmltools

Package: iterators
Source: CRAN
Version: 1.0.8
Hash: 488b93c2a4166db0d15f1e8d882cb1d4

Package: jsonlite
Source: CRAN
Version: 1.1
Hash: 86d4b85b84421a4815f1bb4872e30ef4

Package: knitr
Source: CRAN
Version: 1.14
Requires: digest, formatR, highr, yaml, markdown, stringr, evaluate
Hash: e7b411f5a5512295a260a45683fa0c4a

Package: labeling
Source: CRAN
Version: 0.3

Package: lattice
Source: CRAN
Version: 0.20-34
Hash: 4390fc5602fd36017be70a27f7123ff3

Package: lazyeval
Source: CRAN
Version: 0.2.0

Package: magrittr
Source: CRAN
Version: 1.5
Hash: bdc4d48c3135e8f3b399536ddf160df4

Package: markdown
Source: CRAN
Version: 0.7.7
Requires: mime
Hash: fea2343a1119d61b0cc5c0a950d103a3

Package: mime
Source: CRAN
Version: 0.5
Hash: 463550cf44fb6f0a2359368f42eebe62

Package: munsell
Source: CRAN
Version: 0.4.3
Requires: colorspace

Package: packrat
Source: github
Version: 0.4.8-17
Hash: 3074a2503db1ca07ee3b290801c104f4
GithubRepo: packrat
GithubUsername: rstudio
GithubRef: master
GithubSha1: bbc85c5439c4fae46140f400d1726451ff30522d

Package: pander
Source: CRAN
Version: 0.6.0
Requires: Rcpp, digest

Package: plyr
Source: CRAN
Version: 1.8.4
Requires: Rcpp

Package: quantmod
Source: CRAN
Version: 0.4-7
Requires: zoo, xts, TTR
Hash: b9f7726c31bd7016c3680d8af960c81f

Package: quantstrat
Source: github
Version: 0.8.2
Requires: foreach, xts, TTR, FinancialInstrument, blotter
Hash: 760385592f308e8a9472b47b36b7ea74
GithubRepo: quantstrat
GithubUsername: R-Finance
GithubRef: master
GithubSha1: 366e249fba0e52fccfae0d833c886f68a52effd8

Package: reshape2
Source: CRAN
Version: 1.4.2
Requires: Rcpp, plyr, stringr

Package: rmarkdown
Source: CRAN
Version: 1.1
Requires: base64enc, jsonlite, yaml, caTools, htmltools, tibble,
    evaluate, knitr

Package: scales
Source: CRAN
Version: 0.4.0
Requires: RColorBrewer, Rcpp, dichromat, labeling, plyr, munsell

Package: stringi
Source: CRAN
Version: 1.1.2
Hash: 1ad6b1cc11d982ac233bf2fa2f7c9684

Package: stringr
Source: CRAN
Version: 1.1.0
Requires: magrittr, stringi
Hash: 4d21d0063b37a17ea18eaec6acd29bf3

Package: tibble
Source: CRAN
Version: 1.2
Requires: Rcpp, assertthat, lazyeval

Package: tidyr
Source: CRAN
Version: 0.6.0
Requires: Rcpp, lazyeval, magrittr, stringi, tibble, dplyr

Package: webshot
Source: CRAN
Version: 0.3.2
Requires: magrittr

Package: xts
Source: CRAN
Version: 0.9-7
Requires: zoo
Hash: fb3f81d7a2fa2323879b6b49722ddc5e

Package: yaml
Source: CRAN
Version: 2.1.13
Hash: 4854ccabebc225e8a7309fb4a74980de

Package: zoo
Source: CRAN
Version: 1.7-13
Requires: lattice
Hash: 5e9d37229de4b68b9a5e09a619e0f9b6
